// !$*UTF8*$!
{
	archiveVersion = 1;
	classes = {
	};
	objectVersion = 50;
	objects = {

/* Begin PBXBuildFile section */
		4E84759A25A0E3FB0078E37A /* Coordinator.swift in Sources */ = {isa = PBXBuildFile; fileRef = 4E84759925A0E3FB0078E37A /* Coordinator.swift */; };
		4E9E4787259FD1EF00A55280 /* AppDelegate.swift in Sources */ = {isa = PBXBuildFile; fileRef = 4E9E4786259FD1EF00A55280 /* AppDelegate.swift */; };
		4E9E4789259FD1EF00A55280 /* SceneDelegate.swift in Sources */ = {isa = PBXBuildFile; fileRef = 4E9E4788259FD1EF00A55280 /* SceneDelegate.swift */; };
		4E9E478B259FD1EF00A55280 /* ContentView.swift in Sources */ = {isa = PBXBuildFile; fileRef = 4E9E478A259FD1EF00A55280 /* ContentView.swift */; };
		4E9E478D259FD1F000A55280 /* Assets.xcassets in Resources */ = {isa = PBXBuildFile; fileRef = 4E9E478C259FD1F000A55280 /* Assets.xcassets */; };
		4E9E4790259FD1F000A55280 /* Preview Assets.xcassets in Resources */ = {isa = PBXBuildFile; fileRef = 4E9E478F259FD1F000A55280 /* Preview Assets.xcassets */; };
		4E9E4793259FD1F000A55280 /* LaunchScreen.storyboard in Resources */ = {isa = PBXBuildFile; fileRef = 4E9E4791259FD1F000A55280 /* LaunchScreen.storyboard */; };
		4E9E479D259FD33D00A55280 /* ChatsView.swift in Sources */ = {isa = PBXBuildFile; fileRef = 4E9E479C259FD33D00A55280 /* ChatsView.swift */; };
		4E9E47A0259FD3C900A55280 /* StatusView.swift in Sources */ = {isa = PBXBuildFile; fileRef = 4E9E479F259FD3C900A55280 /* StatusView.swift */; };
		4E9E47A3259FD3D900A55280 /* CallsView.swift in Sources */ = {isa = PBXBuildFile; fileRef = 4E9E47A2259FD3D900A55280 /* CallsView.swift */; };
		4E9E47A6259FD3EE00A55280 /* CameraView.swift in Sources */ = {isa = PBXBuildFile; fileRef = 4E9E47A5259FD3EE00A55280 /* CameraView.swift */; };
		4E9E47A9259FD3F600A55280 /* SettingsView.swift in Sources */ = {isa = PBXBuildFile; fileRef = 4E9E47A8259FD3F600A55280 /* SettingsView.swift */; };
		4ED24EB325A1828600321BDB /* SearchBar.swift in Sources */ = {isa = PBXBuildFile; fileRef = 4ED24EB225A1828600321BDB /* SearchBar.swift */; };
/* End PBXBuildFile section */

/* Begin PBXFileReference section */
		4E84759925A0E3FB0078E37A /* Coordinator.swift */ = {isa = PBXFileReference; lastKnownFileType = sourcecode.swift; path = Coordinator.swift; sourceTree = "<group>"; };
		4E9E4783259FD1EF00A55280 /* Swift UI Whatsapp.app */ = {isa = PBXFileReference; explicitFileType = wrapper.application; includeInIndex = 0; path = "Swift UI Whatsapp.app"; sourceTree = BUILT_PRODUCTS_DIR; };
		4E9E4786259FD1EF00A55280 /* AppDelegate.swift */ = {isa = PBXFileReference; lastKnownFileType = sourcecode.swift; path = AppDelegate.swift; sourceTree = "<group>"; };
		4E9E4788259FD1EF00A55280 /* SceneDelegate.swift */ = {isa = PBXFileReference; lastKnownFileType = sourcecode.swift; path = SceneDelegate.swift; sourceTree = "<group>"; };
		4E9E478A259FD1EF00A55280 /* ContentView.swift */ = {isa = PBXFileReference; lastKnownFileType = sourcecode.swift; path = ContentView.swift; sourceTree = "<group>"; };
		4E9E478C259FD1F000A55280 /* Assets.xcassets */ = {isa = PBXFileReference; lastKnownFileType = folder.assetcatalog; path = Assets.xcassets; sourceTree = "<group>"; };
		4E9E478F259FD1F000A55280 /* Preview Assets.xcassets */ = {isa = PBXFileReference; lastKnownFileType = folder.assetcatalog; path = "Preview Assets.xcassets"; sourceTree = "<group>"; };
		4E9E4792259FD1F000A55280 /* Base */ = {isa = PBXFileReference; lastKnownFileType = file.storyboard; name = Base; path = Base.lproj/LaunchScreen.storyboard; sourceTree = "<group>"; };
		4E9E4794259FD1F000A55280 /* Info.plist */ = {isa = PBXFileReference; lastKnownFileType = text.plist.xml; path = Info.plist; sourceTree = "<group>"; };
		4E9E479C259FD33D00A55280 /* ChatsView.swift */ = {isa = PBXFileReference; lastKnownFileType = sourcecode.swift; path = ChatsView.swift; sourceTree = "<group>"; };
		4E9E479F259FD3C900A55280 /* StatusView.swift */ = {isa = PBXFileReference; lastKnownFileType = sourcecode.swift; path = StatusView.swift; sourceTree = "<group>"; };
		4E9E47A2259FD3D900A55280 /* CallsView.swift */ = {isa = PBXFileReference; lastKnownFileType = sourcecode.swift; path = CallsView.swift; sourceTree = "<group>"; };
		4E9E47A5259FD3EE00A55280 /* CameraView.swift */ = {isa = PBXFileReference; lastKnownFileType = sourcecode.swift; path = CameraView.swift; sourceTree = "<group>"; };
		4E9E47A8259FD3F600A55280 /* SettingsView.swift */ = {isa = PBXFileReference; lastKnownFileType = sourcecode.swift; path = SettingsView.swift; sourceTree = "<group>"; };
		4ED24EB225A1828600321BDB /* SearchBar.swift */ = {isa = PBXFileReference; lastKnownFileType = sourcecode.swift; path = SearchBar.swift; sourceTree = "<group>"; };
/* End PBXFileReference section */

/* Begin PBXFrameworksBuildPhase section */
		4E9E4780259FD1EF00A55280 /* Frameworks */ = {
			isa = PBXFrameworksBuildPhase;
			buildActionMask = 2147483647;
			files = (
			);
			runOnlyForDeploymentPostprocessing = 0;
		};
/* End PBXFrameworksBuildPhase section */

/* Begin PBXGroup section */
		4E84759825A0E3F20078E37A /* Utilities */ = {
			isa = PBXGroup;
			children = (
				4E84759925A0E3FB0078E37A /* Coordinator.swift */,
				4ED24EB225A1828600321BDB /* SearchBar.swift */,
			);
			path = Utilities;
			sourceTree = "<group>";
		};
		4E9E477A259FD1EF00A55280 = {
			isa = PBXGroup;
			children = (
				4E9E4785259FD1EF00A55280 /* Swift UI Whatsapp */,
				4E9E4784259FD1EF00A55280 /* Products */,
			);
			sourceTree = "<group>";
		};
		4E9E4784259FD1EF00A55280 /* Products */ = {
			isa = PBXGroup;
			children = (
				4E9E4783259FD1EF00A55280 /* Swift UI Whatsapp.app */,
			);
			name = Products;
			sourceTree = "<group>";
		};
		4E9E4785259FD1EF00A55280 /* Swift UI Whatsapp */ = {
			isa = PBXGroup;
			children = (
				4E84759825A0E3F20078E37A /* Utilities */,
				4EF2D1A625A0425D004F4380 /* Models */,
				4E9E479B259FD32B00A55280 /* Tabs */,
				4E9E4786259FD1EF00A55280 /* AppDelegate.swift */,
				4E9E4788259FD1EF00A55280 /* SceneDelegate.swift */,
				4E9E478A259FD1EF00A55280 /* ContentView.swift */,
				4E9E478C259FD1F000A55280 /* Assets.xcassets */,
				4E9E4791259FD1F000A55280 /* LaunchScreen.storyboard */,
				4E9E4794259FD1F000A55280 /* Info.plist */,
				4E9E478E259FD1F000A55280 /* Preview Content */,
			);
			path = "Swift UI Whatsapp";
			sourceTree = "<group>";
		};
		4E9E478E259FD1F000A55280 /* Preview Content */ = {
			isa = PBXGroup;
			children = (
				4E9E478F259FD1F000A55280 /* Preview Assets.xcassets */,
			);
			path = "Preview Content";
			sourceTree = "<group>";
		};
		4E9E479B259FD32B00A55280 /* Tabs */ = {
			isa = PBXGroup;
			children = (
				4E9E479C259FD33D00A55280 /* ChatsView.swift */,
				4E9E479F259FD3C900A55280 /* StatusView.swift */,
				4E9E47A2259FD3D900A55280 /* CallsView.swift */,
				4E9E47A5259FD3EE00A55280 /* CameraView.swift */,
				4E9E47A8259FD3F600A55280 /* SettingsView.swift */,
			);
			path = Tabs;
			sourceTree = "<group>";
		};
		4EF2D1A625A0425D004F4380 /* Models */ = {
			isa = PBXGroup;
			children = (
			);
			path = Models;
			sourceTree = "<group>";
		};
/* End PBXGroup section */

/* Begin PBXNativeTarget section */
		4E9E4782259FD1EF00A55280 /* Swift UI Whatsapp */ = {
			isa = PBXNativeTarget;
			buildConfigurationList = 4E9E4797259FD1F000A55280 /* Build configuration list for PBXNativeTarget "Swift UI Whatsapp" */;
			buildPhases = (
				4E9E477F259FD1EF00A55280 /* Sources */,
				4E9E4780259FD1EF00A55280 /* Frameworks */,
				4E9E4781259FD1EF00A55280 /* Resources */,
			);
			buildRules = (
			);
			dependencies = (
			);
			name = "Swift UI Whatsapp";
			productName = "Swift UI Whatsapp";
			productReference = 4E9E4783259FD1EF00A55280 /* Swift UI Whatsapp.app */;
			productType = "com.apple.product-type.application";
		};
/* End PBXNativeTarget section */

/* Begin PBXProject section */
		4E9E477B259FD1EF00A55280 /* Project object */ = {
			isa = PBXProject;
			attributes = {
				LastSwiftUpdateCheck = 1220;
				LastUpgradeCheck = 1220;
				TargetAttributes = {
					4E9E4782259FD1EF00A55280 = {
						CreatedOnToolsVersion = 12.2;
					};
				};
			};
			buildConfigurationList = 4E9E477E259FD1EF00A55280 /* Build configuration list for PBXProject "Swift UI Whatsapp" */;
			compatibilityVersion = "Xcode 9.3";
			developmentRegion = en;
			hasScannedForEncodings = 0;
			knownRegions = (
				en,
				Base,
			);
			mainGroup = 4E9E477A259FD1EF00A55280;
			productRefGroup = 4E9E4784259FD1EF00A55280 /* Products */;
			projectDirPath = "";
			projectRoot = "";
			targets = (
				4E9E4782259FD1EF00A55280 /* Swift UI Whatsapp */,
			);
		};
/* End PBXProject section */

/* Begin PBXResourcesBuildPhase section */
		4E9E4781259FD1EF00A55280 /* Resources */ = {
			isa = PBXResourcesBuildPhase;
			buildActionMask = 2147483647;
			files = (
				4E9E4793259FD1F000A55280 /* LaunchScreen.storyboard in Resources */,
				4E9E4790259FD1F000A55280 /* Preview Assets.xcassets in Resources */,
				4E9E478D259FD1F000A55280 /* Assets.xcassets in Resources */,
			);
			runOnlyForDeploymentPostprocessing = 0;
		};
/* End PBXResourcesBuildPhase section */

/* Begin PBXSourcesBuildPhase section */
		4E9E477F259FD1EF00A55280 /* Sources */ = {
			isa = PBXSourcesBuildPhase;
			buildActionMask = 2147483647;
			files = (
				4E9E479D259FD33D00A55280 /* ChatsView.swift in Sources */,
				4E9E47A9259FD3F600A55280 /* SettingsView.swift in Sources */,
				4E9E47A6259FD3EE00A55280 /* CameraView.swift in Sources */,
				4E9E4787259FD1EF00A55280 /* AppDelegate.swift in Sources */,
				4E9E4789259FD1EF00A55280 /* SceneDelegate.swift in Sources */,
				4E9E478B259FD1EF00A55280 /* ContentView.swift in Sources */,
				4E9E47A3259FD3D900A55280 /* CallsView.swift in Sources */,
				4ED24EB325A1828600321BDB /* SearchBar.swift in Sources */,
				4E9E47A0259FD3C900A55280 /* StatusView.swift in Sources */,
				4E84759A25A0E3FB0078E37A /* Coordinator.swift in Sources */,
			);
			runOnlyForDeploymentPostprocessing = 0;
		};
/* End PBXSourcesBuildPhase section */

/* Begin PBXVariantGroup section */
		4E9E4791259FD1F000A55280 /* LaunchScreen.storyboard */ = {
			isa = PBXVariantGroup;
			children = (
				4E9E4792259FD1F000A55280 /* Base */,
			);
			name = LaunchScreen.storyboard;
			sourceTree = "<group>";
		};
/* End PBXVariantGroup section */

/* Begin XCBuildConfiguration section */
		4E9E4795259FD1F000A55280 /* Debug */ = {
			isa = XCBuildConfiguration;
			buildSettings = {
				ALWAYS_SEARCH_USER_PATHS = NO;
				CLANG_ANALYZER_NONNULL = YES;
				CLANG_ANALYZER_NUMBER_OBJECT_CONVERSION = YES_AGGRESSIVE;
				CLANG_CXX_LANGUAGE_STANDARD = "gnu++14";
				CLANG_CXX_LIBRARY = "libc++";
				CLANG_ENABLE_MODULES = YES;
				CLANG_ENABLE_OBJC_ARC = YES;
				CLANG_ENABLE_OBJC_WEAK = YES;
				CLANG_WARN_BLOCK_CAPTURE_AUTORELEASING = YES;
				CLANG_WARN_BOOL_CONVERSION = YES;
				CLANG_WARN_COMMA = YES;
				CLANG_WARN_CONSTANT_CONVERSION = YES;
				CLANG_WARN_DEPRECATED_OBJC_IMPLEMENTATIONS = YES;
				CLANG_WARN_DIRECT_OBJC_ISA_USAGE = YES_ERROR;
				CLANG_WARN_DOCUMENTATION_COMMENTS = YES;
				CLANG_WARN_EMPTY_BODY = YES;
				CLANG_WARN_ENUM_CONVERSION = YES;
				CLANG_WARN_INFINITE_RECURSION = YES;
				CLANG_WARN_INT_CONVERSION = YES;
				CLANG_WARN_NON_LITERAL_NULL_CONVERSION = YES;
				CLANG_WARN_OBJC_IMPLICIT_RETAIN_SELF = YES;
				CLANG_WARN_OBJC_LITERAL_CONVERSION = YES;
				CLANG_WARN_OBJC_ROOT_CLASS = YES_ERROR;
				CLANG_WARN_QUOTED_INCLUDE_IN_FRAMEWORK_HEADER = YES;
				CLANG_WARN_RANGE_LOOP_ANALYSIS = YES;
				CLANG_WARN_STRICT_PROTOTYPES = YES;
				CLANG_WARN_SUSPICIOUS_MOVE = YES;
				CLANG_WARN_UNGUARDED_AVAILABILITY = YES_AGGRESSIVE;
				CLANG_WARN_UNREACHABLE_CODE = YES;
				CLANG_WARN__DUPLICATE_METHOD_MATCH = YES;
				COPY_PHASE_STRIP = NO;
				DEBUG_INFORMATION_FORMAT = dwarf;
				ENABLE_STRICT_OBJC_MSGSEND = YES;
				ENABLE_TESTABILITY = YES;
				GCC_C_LANGUAGE_STANDARD = gnu11;
				GCC_DYNAMIC_NO_PIC = NO;
				GCC_NO_COMMON_BLOCKS = YES;
				GCC_OPTIMIZATION_LEVEL = 0;
				GCC_PREPROCESSOR_DEFINITIONS = (
					"DEBUG=1",
					"$(inherited)",
				);
				GCC_WARN_64_TO_32_BIT_CONVERSION = YES;
				GCC_WARN_ABOUT_RETURN_TYPE = YES_ERROR;
				GCC_WARN_UNDECLARED_SELECTOR = YES;
				GCC_WARN_UNINITIALIZED_AUTOS = YES_AGGRESSIVE;
				GCC_WARN_UNUSED_FUNCTION = YES;
				GCC_WARN_UNUSED_VARIABLE = YES;
				IPHONEOS_DEPLOYMENT_TARGET = 14.2;
				MTL_ENABLE_DEBUG_INFO = INCLUDE_SOURCE;
				MTL_FAST_MATH = YES;
				ONLY_ACTIVE_ARCH = YES;
				SDKROOT = iphoneos;
				SWIFT_ACTIVE_COMPILATION_CONDITIONS = DEBUG;
				SWIFT_OPTIMIZATION_LEVEL = "-Onone";
			};
			name = Debug;
		};
		4E9E4796259FD1F000A55280 /* Release */ = {
			isa = XCBuildConfiguration;
			buildSettings = {
				ALWAYS_SEARCH_USER_PATHS = NO;
				CLANG_ANALYZER_NONNULL = YES;
				CLANG_ANALYZER_NUMBER_OBJECT_CONVERSION = YES_AGGRESSIVE;
				CLANG_CXX_LANGUAGE_STANDARD = "gnu++14";
				CLANG_CXX_LIBRARY = "libc++";
				CLANG_ENABLE_MODULES = YES;
				CLANG_ENABLE_OBJC_ARC = YES;
				CLANG_ENABLE_OBJC_WEAK = YES;
				CLANG_WARN_BLOCK_CAPTURE_AUTORELEASING = YES;
				CLANG_WARN_BOOL_CONVERSION = YES;
				CLANG_WARN_COMMA = YES;
				CLANG_WARN_CONSTANT_CONVERSION = YES;
				CLANG_WARN_DEPRECATED_OBJC_IMPLEMENTATIONS = YES;
				CLANG_WARN_DIRECT_OBJC_ISA_USAGE = YES_ERROR;
				CLANG_WARN_DOCUMENTATION_COMMENTS = YES;
				CLANG_WARN_EMPTY_BODY = YES;
				CLANG_WARN_ENUM_CONVERSION = YES;
				CLANG_WARN_INFINITE_RECURSION = YES;
				CLANG_WARN_INT_CONVERSION = YES;
				CLANG_WARN_NON_LITERAL_NULL_CONVERSION = YES;
				CLANG_WARN_OBJC_IMPLICIT_RETAIN_SELF = YES;
				CLANG_WARN_OBJC_LITERAL_CONVERSION = YES;
				CLANG_WARN_OBJC_ROOT_CLASS = YES_ERROR;
				CLANG_WARN_QUOTED_INCLUDE_IN_FRAMEWORK_HEADER = YES;
				CLANG_WARN_RANGE_LOOP_ANALYSIS = YES;
				CLANG_WARN_STRICT_PROTOTYPES = YES;
				CLANG_WARN_SUSPICIOUS_MOVE = YES;
				CLANG_WARN_UNGUARDED_AVAILABILITY = YES_AGGRESSIVE;
				CLANG_WARN_UNREACHABLE_CODE = YES;
				CLANG_WARN__DUPLICATE_METHOD_MATCH = YES;
				COPY_PHASE_STRIP = NO;
				DEBUG_INFORMATION_FORMAT = "dwarf-with-dsym";
				ENABLE_NS_ASSERTIONS = NO;
				ENABLE_STRICT_OBJC_MSGSEND = YES;
				GCC_C_LANGUAGE_STANDARD = gnu11;
				GCC_NO_COMMON_BLOCKS = YES;
				GCC_WARN_64_TO_32_BIT_CONVERSION = YES;
				GCC_WARN_ABOUT_RETURN_TYPE = YES_ERROR;
				GCC_WARN_UNDECLARED_SELECTOR = YES;
				GCC_WARN_UNINITIALIZED_AUTOS = YES_AGGRESSIVE;
				GCC_WARN_UNUSED_FUNCTION = YES;
				GCC_WARN_UNUSED_VARIABLE = YES;
				IPHONEOS_DEPLOYMENT_TARGET = 14.2;
				MTL_ENABLE_DEBUG_INFO = NO;
				MTL_FAST_MATH = YES;
				SDKROOT = iphoneos;
				SWIFT_COMPILATION_MODE = wholemodule;
				SWIFT_OPTIMIZATION_LEVEL = "-O";
				VALIDATE_PRODUCT = YES;
			};
			name = Release;
		};
		4E9E4798259FD1F000A55280 /* Debug */ = {
			isa = XCBuildConfiguration;
			buildSettings = {
				ASSETCATALOG_COMPILER_APPICON_NAME = AppIcon;
				ASSETCATALOG_COMPILER_GLOBAL_ACCENT_COLOR_NAME = AccentColor;
				CODE_SIGN_STYLE = Automatic;
				DEVELOPMENT_ASSET_PATHS = "\"Swift UI Whatsapp/Preview Content\"";
				DEVELOPMENT_TEAM = VFVC83G53L;
				ENABLE_PREVIEWS = YES;
				INFOPLIST_FILE = "Swift UI Whatsapp/Info.plist";
				LD_RUNPATH_SEARCH_PATHS = (
					"$(inherited)",
					"@executable_path/Frameworks",
				);
				PRODUCT_BUNDLE_IDENTIFIER = "com.josancamon19.Swift-UI-Whatsapp";
				PRODUCT_NAME = "$(TARGET_NAME)";
				SWIFT_VERSION = 5.0;
				TARGETED_DEVICE_FAMILY = "1,2";
			};
			name = Debug;
		};
		4E9E4799259FD1F000A55280 /* Release */ = {
			isa = XCBuildConfiguration;
			buildSettings = {
				ASSETCATALOG_COMPILER_APPICON_NAME = AppIcon;
				ASSETCATALOG_COMPILER_GLOBAL_ACCENT_COLOR_NAME = AccentColor;
				CODE_SIGN_STYLE = Automatic;
				DEVELOPMENT_ASSET_PATHS = "\"Swift UI Whatsapp/Preview Content\"";
				DEVELOPMENT_TEAM = VFVC83G53L;
				ENABLE_PREVIEWS = YES;
				INFOPLIST_FILE = "Swift UI Whatsapp/Info.plist";
				LD_RUNPATH_SEARCH_PATHS = (
					"$(inherited)",
					"@executable_path/Frameworks",
				);
				PRODUCT_BUNDLE_IDENTIFIER = "com.josancamon19.Swift-UI-Whatsapp";
				PRODUCT_NAME = "$(TARGET_NAME)";
				SWIFT_VERSION = 5.0;
				TARGETED_DEVICE_FAMILY = "1,2";
			};
			name = Release;
		};
/* End XCBuildConfiguration section */

/* Begin XCConfigurationList section */
		4E9E477E259FD1EF00A55280 /* Build configuration list for PBXProject "Swift UI Whatsapp" */ = {
			isa = XCConfigurationList;
			buildConfigurations = (
				4E9E4795259FD1F000A55280 /* Debug */,
				4E9E4796259FD1F000A55280 /* Release */,
			);
			defaultConfigurationIsVisible = 0;
			defaultConfigurationName = Release;
		};
		4E9E4797259FD1F000A55280 /* Build configuration list for PBXNativeTarget "Swift UI Whatsapp" */ = {
			isa = XCConfigurationList;
			buildConfigurations = (
				4E9E4798259FD1F000A55280 /* Debug */,
				4E9E4799259FD1F000A55280 /* Release */,
			);
			defaultConfigurationIsVisible = 0;
			defaultConfigurationName = Release;
		};
/* End XCConfigurationList section */
	};
	rootObject = 4E9E477B259FD1EF00A55280 /* Project object */;
}
